<?xml version="1.0" encoding="utf-8"?>
<Project ToolsVersion="4.0" xmlns="http://schemas.microsoft.com/developer/msbuild/2003">
  <ItemGroup>
    <Filter Include="Source Files">
      <UniqueIdentifier>{4FC737F1-C7A5-4376-A066-2A32D752A2FF}</UniqueIdentifier>
      <Extensions>cpp;c;cc;cxx;c++;def;odl;idl;hpj;bat;asm;asmx</Extensions>
    </Filter>
    <Filter Include="Header Files">
      <UniqueIdentifier>{93995380-89BD-4b04-88EB-625FBE52EBFB}</UniqueIdentifier>
      <Extensions>h;hh;hpp;hxx;h++;hm;inl;inc;ipp;xsd</Extensions>
    </Filter>
    <Filter Include="Resource Files">
      <UniqueIdentifier>{67DA6AB6-F800-4c08-8B7A-83BB121AAD01}</UniqueIdentifier>
      <Extensions>rc;ico;cur;bmp;dlg;rc2;rct;bin;rgs;gif;jpg;jpeg;jpe;resx;tiff;tif;png;wav;mfcribbon-ms</Extensions>
    </Filter>
    <Filter Include="Source Files\DataStructures">
      <UniqueIdentifier>{cf54ed29-8337-47d6-bc7b-50f2d368575d}</UniqueIdentifier>
    </Filter>
    <Filter Include="Header Files\DataStructures">
      <UniqueIdentifier>{06b99906-177b-42c5-b8c9-dca0e9fea599}</UniqueIdentifier>
    </Filter>
    <Filter Include="Source Files\BitManipulation">
      <UniqueIdentifier>{4ecf9622-5f02-415f-9345-7a73dc4a1918}</UniqueIdentifier>
    </Filter>
    <Filter Include="Header Files\BitManipulation">
      <UniqueIdentifier>{074d7079-8fba-4659-a553-8874ebc6fb54}</UniqueIdentifier>
    </Filter>
    <Filter Include="Source Files\Interfaces">
      <UniqueIdentifier>{15f36c77-5617-4ff9-9e00-6428831db5ff}</UniqueIdentifier>
    </Filter>
    <Filter Include="Header Files\Interfaces">
      <UniqueIdentifier>{cf9d0d06-3b51-49ed-8638-c9ab6f6c61bd}</UniqueIdentifier>
    </Filter>
  </ItemGroup>
  <ItemGroup>
    <ClCompile Include="Main.cpp">
      <Filter>Source Files</Filter>
    </ClCompile>
    <ClCompile Include="Util.cpp">
      <Filter>Source Files</Filter>
    </ClCompile>
    <ClCompile Include="HuffmanTree.cpp">
      <Filter>Source Files\DataStructures</Filter>
    </ClCompile>
    <ClCompile Include="HuffmanNode.cpp">
      <Filter>Source Files\DataStructures</Filter>
    </ClCompile>
    <ClCompile Include="HuffmanCompressor.cpp">
      <Filter>Source Files</Filter>
    </ClCompile>
    <ClCompile Include="BitStreamAnalysis.cpp">
      <Filter>Source Files\BitManipulation</Filter>
    </ClCompile>
    <ClCompile Include="BitStreamEditor.cpp">
      <Filter>Source Files\BitManipulation</Filter>
    </ClCompile>
    <ClCompile Include="HuffmanFileInterface.cpp">
      <Filter>Source Files\Interfaces</Filter>
    </ClCompile>
  </ItemGroup>
  <ItemGroup>
    <ClInclude Include="Util.h">
      <Filter>Header Files</Filter>
    </ClInclude>
    <ClInclude Include="HuffmanNode.h">
      <Filter>Header Files\DataStructures</Filter>
    </ClInclude>
    <ClInclude Include="HuffmanTree.h">
      <Filter>Header Files\DataStructures</Filter>
    </ClInclude>
    <ClInclude Include="HuffmanCompressor.h">
      <Filter>Header Files</Filter>
    </ClInclude>
    <ClInclude Include="BitStreamAnalysis.h">
      <Filter>Header Files\BitManipulation</Filter>
    </ClInclude>
    <ClInclude Include="BitStreamEditor.h">
      <Filter>Header Files\BitManipulation</Filter>
    </ClInclude>
    <ClInclude Include="HuffmanFileInterface.h">
      <Filter>Header Files\Interfaces</Filter>
    </ClInclude>
  </ItemGroup>
</Project>